{
  "name": "client",
  "lockfileVersion": 3,
  "requires": true,
  "packages": {
    "": {
      "dependencies": {
        "@toast-ui/react-editor": "^3.2.3",
        "react-icons": "^4.8.0"
      }
    },
    "node_modules/@toast-ui/editor": {
      "version": "3.2.2",
      "resolved": "https://registry.npmjs.org/@toast-ui/editor/-/editor-3.2.2.tgz",
      "integrity": "sha512-ASX7LFjN2ZYQJrwmkUajPs7DRr9FsM1+RQ82CfTO0Y5ZXorBk1VZS4C2Dpxinx9kl55V4F8/A2h2QF4QMDtRbA==",
      "dependencies": {
        "dompurify": "^2.3.3",
        "prosemirror-commands": "^1.1.9",
        "prosemirror-history": "^1.1.3",
        "prosemirror-inputrules": "^1.1.3",
        "prosemirror-keymap": "^1.1.4",
        "prosemirror-model": "^1.14.1",
        "prosemirror-state": "^1.3.4",
        "prosemirror-view": "^1.18.7"
      }
    },
    "node_modules/@toast-ui/react-editor": {
      "version": "3.2.3",
      "resolved": "https://registry.npmjs.org/@toast-ui/react-editor/-/react-editor-3.2.3.tgz",
      "integrity": "sha512-86QdgiOkBeSwRBEUWRKsTpnm6yu5j9HNJ3EfQN8EGcd7kI8k8AhExXyUJ3NNgNTzN7FfSKMw+1VaCDDC+aZ3dw==",
      "dependencies": {
        "@toast-ui/editor": "^3.2.2"
      },
      "peerDependencies": {
        "react": "^17.0.1"
      }
    },
    "node_modules/dompurify": {
      "version": "2.4.5",
      "resolved": "https://registry.npmjs.org/dompurify/-/dompurify-2.4.5.tgz",
      "integrity": "sha512-jggCCd+8Iqp4Tsz0nIvpcb22InKEBrGz5dw3EQJMs8HPJDsKbFIO3STYtAvCfDx26Muevn1MHVI0XxjgFfmiSA=="
    },
    "node_modules/js-tokens": {
      "version": "4.0.0",
      "resolved": "https://registry.npmjs.org/js-tokens/-/js-tokens-4.0.0.tgz",
      "integrity": "sha512-RdJUflcE3cUzKiMqQgsCu06FPu9UdIJO0beYbPhHN4k6apgJtifcoCtT9bcxOpYBtpD2kCM6Sbzg4CausW/PKQ==",
      "peer": true
    },
    "node_modules/loose-envify": {
      "version": "1.4.0",
      "resolved": "https://registry.npmjs.org/loose-envify/-/loose-envify-1.4.0.tgz",
      "integrity": "sha512-lyuxPGr/Wfhrlem2CL/UcnUc1zcqKAImBDzukY7Y5F/yQiNdko6+fRLevlw1HgMySw7f611UIY408EtxRSoK3Q==",
      "peer": true,
      "dependencies": {
        "js-tokens": "^3.0.0 || ^4.0.0"
      },
      "bin": {
        "loose-envify": "cli.js"
      }
    },
    "node_modules/object-assign": {
      "version": "4.1.1",
      "resolved": "https://registry.npmjs.org/object-assign/-/object-assign-4.1.1.tgz",
      "integrity": "sha512-rJgTQnkUnH1sFw8yT6VSU3zD3sWmu6sZhIseY8VX+GRu3P6F7Fu+JNDoXfklElbLJSnc3FUQHVe4cU5hj+BcUg==",
      "peer": true,
      "engines": {
        "node": ">=0.10.0"
      }
    },
    "node_modules/orderedmap": {
      "version": "2.1.0",
      "resolved": "https://registry.npmjs.org/orderedmap/-/orderedmap-2.1.0.tgz",
      "integrity": "sha512-/pIFexOm6S70EPdznemIz3BQZoJ4VTFrhqzu0ACBqBgeLsLxq8e6Jim63ImIfwW/zAD1AlXpRMlOv3aghmo4dA=="
    },
    "node_modules/prosemirror-commands": {
      "version": "1.5.1",
      "resolved": "https://registry.npmjs.org/prosemirror-commands/-/prosemirror-commands-1.5.1.tgz",
      "integrity": "sha512-ga1ga/RkbzxfAvb6iEXYmrEpekn5NCwTb8w1dr/gmhSoaGcQ0VPuCzOn5qDEpC45ql2oDkKoKQbRxLJwKLpMTQ==",
      "dependencies": {
        "prosemirror-model": "^1.0.0",
        "prosemirror-state": "^1.0.0",
        "prosemirror-transform": "^1.0.0"
      }
    },
    "node_modules/prosemirror-history": {
      "version": "1.3.0",
      "resolved": "https://registry.npmjs.org/prosemirror-history/-/prosemirror-history-1.3.0.tgz",
      "integrity": "sha512-qo/9Wn4B/Bq89/YD+eNWFbAytu6dmIM85EhID+fz9Jcl9+DfGEo8TTSrRhP15+fFEoaPqpHSxlvSzSEbmlxlUA==",
      "dependencies": {
        "prosemirror-state": "^1.2.2",
        "prosemirror-transform": "^1.0.0",
        "rope-sequence": "^1.3.0"
      }
    },
    "node_modules/prosemirror-inputrules": {
      "version": "1.2.0",
      "resolved": "https://registry.npmjs.org/prosemirror-inputrules/-/prosemirror-inputrules-1.2.0.tgz",
      "integrity": "sha512-eAW/M/NTSSzpCOxfR8Abw6OagdG0MiDAiWHQMQveIsZtoKVYzm0AflSPq/ymqJd56/Su1YPbwy9lM13wgHOFmQ==",
      "dependencies": {
        "prosemirror-state": "^1.0.0",
        "prosemirror-transform": "^1.0.0"
      }
    },
    "node_modules/prosemirror-keymap": {
      "version": "1.2.1",
      "resolved": "https://registry.npmjs.org/prosemirror-keymap/-/prosemirror-keymap-1.2.1.tgz",
      "integrity": "sha512-kVK6WGC+83LZwuSJnuCb9PsADQnFZllt94qPP3Rx/vLcOUV65+IbBeH2nS5cFggPyEVJhGkGrgYFRrG250WhHQ==",
      "dependencies": {
        "prosemirror-state": "^1.0.0",
        "w3c-keyname": "^2.2.0"
      }
    },
    "node_modules/prosemirror-model": {
      "version": "1.19.0",
      "resolved": "https://registry.npmjs.org/prosemirror-model/-/prosemirror-model-1.19.0.tgz",
      "integrity": "sha512-/CvFGJnwc41EJSfDkQLly1cAJJJmBpZwwUJtwZPTjY2RqZJfM8HVbCreOY/jti8wTRbVyjagcylyGoeJH/g/3w==",
      "dependencies": {
        "orderedmap": "^2.0.0"
      }
    },
    "node_modules/prosemirror-state": {
      "version": "1.4.2",
      "resolved": "https://registry.npmjs.org/prosemirror-state/-/prosemirror-state-1.4.2.tgz",
      "integrity": "sha512-puuzLD2mz/oTdfgd8msFbe0A42j5eNudKAAPDB0+QJRw8cO1ygjLmhLrg9RvDpf87Dkd6D4t93qdef00KKNacQ==",
      "dependencies": {
        "prosemirror-model": "^1.0.0",
        "prosemirror-transform": "^1.0.0",
        "prosemirror-view": "^1.27.0"
      }
    },
    "node_modules/prosemirror-transform": {
      "version": "1.7.1",
      "resolved": "https://registry.npmjs.org/prosemirror-transform/-/prosemirror-transform-1.7.1.tgz",
      "integrity": "sha512-VteoifAfpt46z0yEt6Fc73A5OID9t/y2QIeR5MgxEwTuitadEunD/V0c9jQW8ziT8pbFM54uTzRLJ/nLuQjMxg==",
      "dependencies": {
        "prosemirror-model": "^1.0.0"
      }
    },
    "node_modules/prosemirror-view": {
      "version": "1.30.2",
      "resolved": "https://registry.npmjs.org/prosemirror-view/-/prosemirror-view-1.30.2.tgz",
      "integrity": "sha512-nTNzZvalQf9kHeEyO407LiV6DoOs/pXsid88UqW9Vvybo4ozJW2PJhkfZUxCUF1hR/9vJLdhxX84wuw9P9HsXA==",
      "dependencies": {
        "prosemirror-model": "^1.16.0",
        "prosemirror-state": "^1.0.0",
        "prosemirror-transform": "^1.1.0"
      }
    },
    "node_modules/react": {
      "version": "17.0.2",
      "resolved": "https://registry.npmjs.org/react/-/react-17.0.2.tgz",
      "integrity": "sha512-gnhPt75i/dq/z3/6q/0asP78D0u592D5L1pd7M8P+dck6Fu/jJeL6iVVK23fptSUZj8Vjf++7wXA8UNclGQcbA==",
      "peer": true,
      "dependencies": {
        "loose-envify": "^1.1.0",
        "object-assign": "^4.1.1"
      },
      "engines": {
        "node": ">=0.10.0"
      }
    },
    "node_modules/react-icons": {
      "version": "4.8.0",
      "resolved": "https://registry.npmjs.org/react-icons/-/react-icons-4.8.0.tgz",
      "integrity": "sha512-N6+kOLcihDiAnj5Czu637waJqSnwlMNROzVZMhfX68V/9bu9qHaMIJC4UdozWoOk57gahFCNHwVvWzm0MTzRjg==",
      "peerDependencies": {
        "react": "*"
      }
    },
    "node_modules/rope-sequence": {
      "version": "1.3.3",
      "resolved": "https://registry.npmjs.org/rope-sequence/-/rope-sequence-1.3.3.tgz",
      "integrity": "sha512-85aZYCxweiD5J8yTEbw+E6A27zSnLPNDL0WfPdw3YYodq7WjnTKo0q4dtyQ2gz23iPT8Q9CUyJtAaUNcTxRf5Q=="
    },
    "node_modules/w3c-keyname": {
      "version": "2.2.6",
      "resolved": "https://registry.npmjs.org/w3c-keyname/-/w3c-keyname-2.2.6.tgz",
      "integrity": "sha512-f+fciywl1SJEniZHD6H+kUO8gOnwIr7f4ijKA6+ZvJFjeGi1r4PDLl53Ayud9O/rk64RqgoQine0feoeOU0kXg=="
    }
  }
}
